{
  "name": "-thabo4587-thalik431_wfc-2401_groupb_thabo_likotsi_-djs11-portfolio-piece-main",
  "version": "1.0.0",
  "lockfileVersion": 3,
  "requires": true,
  "packages": {
    "": {
      "name": "-thabo4587-thalik431_wfc-2401_groupb_thabo_likotsi_-djs11-portfolio-piece-main",
      "version": "1.0.0",
      "license": "ISC"
    }
  }
}
